
Microsoft Visual Studio Solution File, Format Version 12.00
# Visual Studio Version 17
VisualStudioVersion = 17.14.36930.0 d17.14
MinimumVisualStudioVersion = 10.0.40219.1
Project("{FAE04EC0-301F-11D3-BF4B-00C04F79EFBC}") = "Maaltafels", "Maaltafels\Maaltafels.csproj", "{A2894818-88B9-4B81-BD1C-59C12426CE9D}"
EndProject
Global
	GlobalSection(SolutionConfigurationPlatforms) = preSolution
		Debug|Any CPU = Debug|Any CPU
		Release|Any CPU = Release|Any CPU
	EndGlobalSection
	GlobalSection(ProjectConfigurationPlatforms) = postSolution
		{A2894818-88B9-4B81-BD1C-59C12426CE9D}.Debug|Any CPU.ActiveCfg = Debug|Any CPU
		{A2894818-88B9-4B81-BD1C-59C12426CE9D}.Debug|Any CPU.Build.0 = Debug|Any CPU
		{A2894818-88B9-4B81-BD1C-59C12426CE9D}.Release|Any CPU.ActiveCfg = Release|Any CPU
		{A2894818-88B9-4B81-BD1C-59C12426CE9D}.Release|Any CPU.Build.0 = Release|Any CPU
	EndGlobalSection
	GlobalSection(SolutionProperties) = preSolution
		HideSolutionNode = FALSE
	EndGlobalSection
	GlobalSection(ExtensibilityGlobals) = postSolution
		SolutionGuid = {AA0E80E8-E572-4A9B-B405-9FD6B0F7CDA4}
	EndGlobalSection
EndGlobal
